{
  "name": "@teamest/internal-season-client",
  "version": "0.0.5",
  "lockfileVersion": 1,
  "requires": true,
  "dependencies": {
    "@danielemeryau/prettier-config": {
      "version": "0.0.6",
      "resolved": "https://registry.npmjs.org/@danielemeryau/prettier-config/-/prettier-config-0.0.6.tgz",
      "integrity": "sha512-jXNGpryXbGz8h8O0QRH9qXlI8UuNoCzNWadlZYdwFS8cLxdB7y2M4+OaxAFaFRTBoyepwKzBcYU2vtg94Sz7eQ==",
      "dev": true
    },
    "@grpc/grpc-js": {
      "version": "1.1.3",
      "resolved": "https://registry.npmjs.org/@grpc/grpc-js/-/grpc-js-1.1.3.tgz",
      "integrity": "sha512-HtOsk2YUofBcm1GkPqGzb6pwHhv+74eC2CUO229USIDKRtg30ycbZmqC+HdNtY3nHqoc9IgcRlntFgopyQoYCA==",
      "requires": {
        "semver": "^6.2.0"
      }
    },
    "@teamest/internal-season-common": {
      "version": "0.0.7",
      "resolved": "https://registry.npmjs.org/@teamest/internal-season-common/-/internal-season-common-0.0.7.tgz",
      "integrity": "sha512-LPjBwMkEc6g7y+rYHLbWTVIKWM8OyrEnY6fUsc0gKgSSjFC1CrQxinjbw/14r9Vouqc2lFjdcmG1ango3kk1DQ==",
      "requires": {
        "@grpc/grpc-js": "^1.1.2",
        "@teamest/models": "^0.7.2",
        "google-protobuf": "^4.0.0-rc.2"
      },
      "dependencies": {
        "@teamest/models": {
          "version": "0.7.2",
          "resolved": "https://registry.npmjs.org/@teamest/models/-/models-0.7.2.tgz",
          "integrity": "sha512-YX56oMaor+UCFDT6FvzBfWi/lY/ufyhoZBMDUNsPZhrR1T4adsPZuhV70hJVRGye0U5Pozpzye4QkZR6ayRvIQ=="
        }
      }
    },
    "@teamest/models": {
      "version": "0.7.1",
      "resolved": "https://registry.npmjs.org/@teamest/models/-/models-0.7.1.tgz",
      "integrity": "sha512-VlegKubjf/5GjtUAUtza/fNTsz4kwyBlaQN6OJXZj/qHsjmZSbeGl3dHMnfqeo2L4ZuZhkVtc18UDdtqgDDSJw=="
    },
    "@types/google-protobuf": {
      "version": "3.7.2",
      "resolved": "https://registry.npmjs.org/@types/google-protobuf/-/google-protobuf-3.7.2.tgz",
      "integrity": "sha512-ifFemzjNchFBCtHS6bZNhSZCBu7tbtOe0e8qY0z2J4HtFXmPJjm6fXSaQsTG7yhShBEZtt2oP/bkwu5k+emlkQ==",
      "dev": true
    },
    "@types/node": {
      "version": "14.0.27",
      "resolved": "https://registry.npmjs.org/@types/node/-/node-14.0.27.tgz",
      "integrity": "sha512-kVrqXhbclHNHGu9ztnAwSncIgJv/FaxmzXJvGXNdcCpV1b8u1/Mi6z6m0vwy0LzKeXFTPLH0NzwmoJ3fNCIq0g==",
      "dev": true
    },
    "google-protobuf": {
      "version": "4.0.0-rc.2",
      "resolved": "https://registry.npmjs.org/google-protobuf/-/google-protobuf-4.0.0-rc.2.tgz",
      "integrity": "sha512-KANe0ePi8Uk0m17xvjI1bXrE7LRflSuNczkAlHlOEeqXnSBy96tDS5beKwKOnNr0xYmlbC9XiQsj8fOLLyDp2Q=="
    },
    "semver": {
      "version": "6.3.0",
      "resolved": "https://registry.npmjs.org/semver/-/semver-6.3.0.tgz",
      "integrity": "sha512-b39TBaTSfV6yBrapU89p5fKekE2m/NwnDocOVruQFS1/veMgdzuPcnOM34M6CwxW8jH/lxEa5rBoDeUwu5HHTw=="
    },
    "typescript": {
      "version": "3.9.7",
      "resolved": "https://registry.npmjs.org/typescript/-/typescript-3.9.7.tgz",
      "integrity": "sha512-BLbiRkiBzAwsjut4x/dsibSTB6yWpwT5qWmC2OfuCg3GgVQCSgMs4vEctYPhsaGtd0AeuuHMkjZ2h2WG8MSzRw==",
      "dev": true
    }
  }
}
